
Microsoft Visual Studio Solution File, Format Version 12.00
# Visual Studio Version 17
VisualStudioVersion = 17.3.32929.385
MinimumVisualStudioVersion = 10.0.40219.1
Project("{FAE04EC0-301F-11D3-BF4B-00C04F79EFBC}") = "TaskMG", "TaskMG\TaskMG.csproj", "{67E0D097-FC61-4795-82D8-41CDB5AB786B}"
EndProject
Global
	GlobalSection(SolutionConfigurationPlatforms) = preSolution
		Debug|Any CPU = Debug|Any CPU
		Release|Any CPU = Release|Any CPU
	EndGlobalSection
	GlobalSection(ProjectConfigurationPlatforms) = postSolution
		{67E0D097-FC61-4795-82D8-41CDB5AB786B}.Debug|Any CPU.ActiveCfg = Debug|Any CPU
		{67E0D097-FC61-4795-82D8-41CDB5AB786B}.Debug|Any CPU.Build.0 = Debug|Any CPU
		{67E0D097-FC61-4795-82D8-41CDB5AB786B}.Release|Any CPU.ActiveCfg = Release|Any CPU
		{67E0D097-FC61-4795-82D8-41CDB5AB786B}.Release|Any CPU.Build.0 = Release|Any CPU
	EndGlobalSection
	GlobalSection(SolutionProperties) = preSolution
		HideSolutionNode = FALSE
	EndGlobalSection
	GlobalSection(ExtensibilityGlobals) = postSolution
		SolutionGuid = {C2744D67-2376-45E1-8D14-EAC7DD9D8E2A}
	EndGlobalSection
EndGlobal
